// !$*UTF8*$!
{
	archiveVersion = 1;
	classes = {
	};
	objectVersion = 46;
	objects = {

/* Begin PBXBuildFile section */
		1978D2F01CEAC6B500E85DD4 /* main.m in Sources */ = {isa = PBXBuildFile; fileRef = 1978D2EF1CEAC6B500E85DD4 /* main.m */; };
		1978D2F31CEAC6B500E85DD4 /* AppDelegate.m in Sources */ = {isa = PBXBuildFile; fileRef = 1978D2F21CEAC6B500E85DD4 /* AppDelegate.m */; };
		1978D2F61CEAC6B500E85DD4 /* ViewController.m in Sources */ = {isa = PBXBuildFile; fileRef = 1978D2F51CEAC6B500E85DD4 /* ViewController.m */; };
		1978D2F91CEAC6B500E85DD4 /* Main.storyboard in Resources */ = {isa = PBXBuildFile; fileRef = 1978D2F71CEAC6B500E85DD4 /* Main.storyboard */; };
		1978D2FB1CEAC6B500E85DD4 /* Assets.xcassets in Resources */ = {isa = PBXBuildFile; fileRef = 1978D2FA1CEAC6B500E85DD4 /* Assets.xcassets */; };
		1978D2FE1CEAC6B500E85DD4 /* LaunchScreen.storyboard in Resources */ = {isa = PBXBuildFile; fileRef = 1978D2FC1CEAC6B500E85DD4 /* LaunchScreen.storyboard */; };
		1978D30C1CEAC6EC00E85DD4 /* YAHMultiPhotoViewController.m in Sources */ = {isa = PBXBuildFile; fileRef = 1978D3071CEAC6EC00E85DD4 /* YAHMultiPhotoViewController.m */; };
		1978D30D1CEAC6EC00E85DD4 /* YAHMutiZoomPhoto.m in Sources */ = {isa = PBXBuildFile; fileRef = 1978D3091CEAC6EC00E85DD4 /* YAHMutiZoomPhoto.m */; };
		1978D30E1CEAC6EC00E85DD4 /* YAHMutiZoomView.m in Sources */ = {isa = PBXBuildFile; fileRef = 1978D30B1CEAC6EC00E85DD4 /* YAHMutiZoomView.m */; };
		1978D3131CEACB5200E85DD4 /* 1.jpg in Resources */ = {isa = PBXBuildFile; fileRef = 1978D30F1CEACB5200E85DD4 /* 1.jpg */; };
		1978D3141CEACB5200E85DD4 /* 2.jpg in Resources */ = {isa = PBXBuildFile; fileRef = 1978D3101CEACB5200E85DD4 /* 2.jpg */; };
		1978D3151CEACB5200E85DD4 /* 3.jpg in Resources */ = {isa = PBXBuildFile; fileRef = 1978D3111CEACB5200E85DD4 /* 3.jpg */; };
		1978D3161CEACB5200E85DD4 /* 4.jpg in Resources */ = {isa = PBXBuildFile; fileRef = 1978D3121CEACB5200E85DD4 /* 4.jpg */; };
		86242FBEB60C0C62360397ED /* libPods-Demo.a in Frameworks */ = {isa = PBXBuildFile; fileRef = 099DC83D68D700E0DEC706A4 /* libPods-Demo.a */; };
/* End PBXBuildFile section */

/* Begin PBXFileReference section */
		099DC83D68D700E0DEC706A4 /* libPods-Demo.a */ = {isa = PBXFileReference; explicitFileType = archive.ar; includeInIndex = 0; path = "libPods-Demo.a"; sourceTree = BUILT_PRODUCTS_DIR; };
		1978D2EB1CEAC6B500E85DD4 /* Demo.app */ = {isa = PBXFileReference; explicitFileType = wrapper.application; includeInIndex = 0; path = Demo.app; sourceTree = BUILT_PRODUCTS_DIR; };
		1978D2EF1CEAC6B500E85DD4 /* main.m */ = {isa = PBXFileReference; lastKnownFileType = sourcecode.c.objc; path = main.m; sourceTree = "<group>"; };
		1978D2F11CEAC6B500E85DD4 /* AppDelegate.h */ = {isa = PBXFileReference; lastKnownFileType = sourcecode.c.h; path = AppDelegate.h; sourceTree = "<group>"; };
		1978D2F21CEAC6B500E85DD4 /* AppDelegate.m */ = {isa = PBXFileReference; lastKnownFileType = sourcecode.c.objc; path = AppDelegate.m; sourceTree = "<group>"; };
		1978D2F41CEAC6B500E85DD4 /* ViewController.h */ = {isa = PBXFileReference; lastKnownFileType = sourcecode.c.h; path = ViewController.h; sourceTree = "<group>"; };
		1978D2F51CEAC6B500E85DD4 /* ViewController.m */ = {isa = PBXFileReference; lastKnownFileType = sourcecode.c.objc; path = ViewController.m; sourceTree = "<group>"; };
		1978D2F81CEAC6B500E85DD4 /* Base */ = {isa = PBXFileReference; lastKnownFileType = file.storyboard; name = Base; path = Base.lproj/Main.storyboard; sourceTree = "<group>"; };
		1978D2FA1CEAC6B500E85DD4 /* Assets.xcassets */ = {isa = PBXFileReference; lastKnownFileType = folder.assetcatalog; path = Assets.xcassets; sourceTree = "<group>"; };
		1978D2FD1CEAC6B500E85DD4 /* Base */ = {isa = PBXFileReference; lastKnownFileType = file.storyboard; name = Base; path = Base.lproj/LaunchScreen.storyboard; sourceTree = "<group>"; };
		1978D2FF1CEAC6B500E85DD4 /* Info.plist */ = {isa = PBXFileReference; lastKnownFileType = text.plist.xml; path = Info.plist; sourceTree = "<group>"; };
		1978D3061CEAC6EC00E85DD4 /* YAHMultiPhotoViewController.h */ = {isa = PBXFileReference; fileEncoding = 4; lastKnownFileType = sourcecode.c.h; path = YAHMultiPhotoViewController.h; sourceTree = "<group>"; };
		1978D3071CEAC6EC00E85DD4 /* YAHMultiPhotoViewController.m */ = {isa = PBXFileReference; fileEncoding = 4; lastKnownFileType = sourcecode.c.objc; path = YAHMultiPhotoViewController.m; sourceTree = "<group>"; };
		1978D3081CEAC6EC00E85DD4 /* YAHMutiZoomPhoto.h */ = {isa = PBXFileReference; fileEncoding = 4; lastKnownFileType = sourcecode.c.h; path = YAHMutiZoomPhoto.h; sourceTree = "<group>"; };
		1978D3091CEAC6EC00E85DD4 /* YAHMutiZoomPhoto.m */ = {isa = PBXFileReference; fileEncoding = 4; lastKnownFileType = sourcecode.c.objc; path = YAHMutiZoomPhoto.m; sourceTree = "<group>"; };
		1978D30A1CEAC6EC00E85DD4 /* YAHMutiZoomView.h */ = {isa = PBXFileReference; fileEncoding = 4; lastKnownFileType = sourcecode.c.h; path = YAHMutiZoomView.h; sourceTree = "<group>"; };
		1978D30B1CEAC6EC00E85DD4 /* YAHMutiZoomView.m */ = {isa = PBXFileReference; fileEncoding = 4; lastKnownFileType = sourcecode.c.objc; path = YAHMutiZoomView.m; sourceTree = "<group>"; };
		1978D30F1CEACB5200E85DD4 /* 1.jpg */ = {isa = PBXFileReference; lastKnownFileType = image.jpeg; path = 1.jpg; sourceTree = "<group>"; };
		1978D3101CEACB5200E85DD4 /* 2.jpg */ = {isa = PBXFileReference; lastKnownFileType = image.jpeg; path = 2.jpg; sourceTree = "<group>"; };
		1978D3111CEACB5200E85DD4 /* 3.jpg */ = {isa = PBXFileReference; lastKnownFileType = image.jpeg; path = 3.jpg; sourceTree = "<group>"; };
		1978D3121CEACB5200E85DD4 /* 4.jpg */ = {isa = PBXFileReference; lastKnownFileType = image.jpeg; path = 4.jpg; sourceTree = "<group>"; };
		388FC8881FC1D3C345D06A0E /* Pods-Demo.release.xcconfig */ = {isa = PBXFileReference; includeInIndex = 1; lastKnownFileType = text.xcconfig; name = "Pods-Demo.release.xcconfig"; path = "Pods/Target Support Files/Pods-Demo/Pods-Demo.release.xcconfig"; sourceTree = "<group>"; };
		B8E7EBDC893CA7BC05831E0E /* Pods-Demo.debug.xcconfig */ = {isa = PBXFileReference; includeInIndex = 1; lastKnownFileType = text.xcconfig; name = "Pods-Demo.debug.xcconfig"; path = "Pods/Target Support Files/Pods-Demo/Pods-Demo.debug.xcconfig"; sourceTree = "<group>"; };
/* End PBXFileReference section */

/* Begin PBXFrameworksBuildPhase section */
		1978D2E81CEAC6B500E85DD4 /* Frameworks */ = {
			isa = PBXFrameworksBuildPhase;
			buildActionMask = 2147483647;
			files = (
				86242FBEB60C0C62360397ED /* libPods-Demo.a in Frameworks */,
			);
			runOnlyForDeploymentPostprocessing = 0;
		};
/* End PBXFrameworksBuildPhase section */

/* Begin PBXGroup section */
		12771F28C61879ECD7C37625 /* Pods */ = {
			isa = PBXGroup;
			children = (
				B8E7EBDC893CA7BC05831E0E /* Pods-Demo.debug.xcconfig */,
				388FC8881FC1D3C345D06A0E /* Pods-Demo.release.xcconfig */,
			);
			name = Pods;
			sourceTree = "<group>";
		};
		1978D2E21CEAC6B500E85DD4 = {
			isa = PBXGroup;
			children = (
				1978D2ED1CEAC6B500E85DD4 /* Demo */,
				1978D2EC1CEAC6B500E85DD4 /* Products */,
				12771F28C61879ECD7C37625 /* Pods */,
				F721B1546E9E93DC2A42F9AC /* Frameworks */,
			);
			sourceTree = "<group>";
		};
		1978D2EC1CEAC6B500E85DD4 /* Products */ = {
			isa = PBXGroup;
			children = (
				1978D2EB1CEAC6B500E85DD4 /* Demo.app */,
			);
			name = Products;
			sourceTree = "<group>";
		};
		1978D2ED1CEAC6B500E85DD4 /* Demo */ = {
			isa = PBXGroup;
			children = (
				1978D30F1CEACB5200E85DD4 /* 1.jpg */,
				1978D3101CEACB5200E85DD4 /* 2.jpg */,
				1978D3111CEACB5200E85DD4 /* 3.jpg */,
				1978D3121CEACB5200E85DD4 /* 4.jpg */,
				1978D3051CEAC6EC00E85DD4 /* YAHMultiPhoto */,
				1978D2F11CEAC6B500E85DD4 /* AppDelegate.h */,
				1978D2F21CEAC6B500E85DD4 /* AppDelegate.m */,
				1978D2F41CEAC6B500E85DD4 /* ViewController.h */,
				1978D2F51CEAC6B500E85DD4 /* ViewController.m */,
				1978D2F71CEAC6B500E85DD4 /* Main.storyboard */,
				1978D2FA1CEAC6B500E85DD4 /* Assets.xcassets */,
				1978D2FC1CEAC6B500E85DD4 /* LaunchScreen.storyboard */,
				1978D2FF1CEAC6B500E85DD4 /* Info.plist */,
				1978D2EE1CEAC6B500E85DD4 /* Supporting Files */,
			);
			path = Demo;
			sourceTree = "<group>";
		};
		1978D2EE1CEAC6B500E85DD4 /* Supporting Files */ = {
			isa = PBXGroup;
			children = (
				1978D2EF1CEAC6B500E85DD4 /* main.m */,
			);
			name = "Supporting Files";
			sourceTree = "<group>";
		};
		1978D3051CEAC6EC00E85DD4 /* YAHMultiPhoto */ = {
			isa = PBXGroup;
			children = (
				1978D3061CEAC6EC00E85DD4 /* YAHMultiPhotoViewController.h */,
				1978D3071CEAC6EC00E85DD4 /* YAHMultiPhotoViewController.m */,
				1978D3081CEAC6EC00E85DD4 /* YAHMutiZoomPhoto.h */,
				1978D3091CEAC6EC00E85DD4 /* YAHMutiZoomPhoto.m */,
				1978D30A1CEAC6EC00E85DD4 /* YAHMutiZoomView.h */,
				1978D30B1CEAC6EC00E85DD4 /* YAHMutiZoomView.m */,
			);
			name = YAHMultiPhoto;
			path = ../../YAHMultiPhoto;
			sourceTree = "<group>";
		};
		F721B1546E9E93DC2A42F9AC /* Frameworks */ = {
			isa = PBXGroup;
			children = (
				099DC83D68D700E0DEC706A4 /* libPods-Demo.a */,
			);
			name = Frameworks;
			sourceTree = "<group>";
		};
/* End PBXGroup section */

/* Begin PBXNativeTarget section */
		1978D2EA1CEAC6B500E85DD4 /* Demo */ = {
			isa = PBXNativeTarget;
			buildConfigurationList = 1978D3021CEAC6B500E85DD4 /* Build configuration list for PBXNativeTarget "Demo" */;
			buildPhases = (
				CAE34FF182083F0EC7654D8E /* [CP] Check Pods Manifest.lock */,
				1978D2E71CEAC6B500E85DD4 /* Sources */,
				1978D2E81CEAC6B500E85DD4 /* Frameworks */,
				1978D2E91CEAC6B500E85DD4 /* Resources */,
				DBEE2AE1EC8BE177A687BD7D /* [CP] Embed Pods Frameworks */,
				3500940C4A62714F2F4B3029 /* [CP] Copy Pods Resources */,
			);
			buildRules = (
			);
			dependencies = (
			);
			name = Demo;
			productName = Demo;
			productReference = 1978D2EB1CEAC6B500E85DD4 /* Demo.app */;
			productType = "com.apple.product-type.application";
		};
/* End PBXNativeTarget section */

/* Begin PBXProject section */
		1978D2E31CEAC6B500E85DD4 /* Project object */ = {
			isa = PBXProject;
			attributes = {
				LastUpgradeCheck = 0730;
				ORGANIZATIONNAME = wangsw;
				TargetAttributes = {
					1978D2EA1CEAC6B500E85DD4 = {
						CreatedOnToolsVersion = 7.3;
						DevelopmentTeam = 28T9NSVTY8;
						ProvisioningStyle = Manual;
					};
				};
			};
			buildConfigurationList = 1978D2E61CEAC6B500E85DD4 /* Build configuration list for PBXProject "Demo" */;
			compatibilityVersion = "Xcode 3.2";
			developmentRegion = English;
			hasScannedForEncodings = 0;
			knownRegions = (
				en,
				Base,
			);
			mainGroup = 1978D2E21CEAC6B500E85DD4;
			productRefGroup = 1978D2EC1CEAC6B500E85DD4 /* Products */;
			projectDirPath = "";
			projectRoot = "";
			targets = (
				1978D2EA1CEAC6B500E85DD4 /* Demo */,
			);
		};
/* End PBXProject section */

/* Begin PBXResourcesBuildPhase section */
		1978D2E91CEAC6B500E85DD4 /* Resources */ = {
			isa = PBXResourcesBuildPhase;
			buildActionMask = 2147483647;
			files = (
				1978D2FE1CEAC6B500E85DD4 /* LaunchScreen.storyboard in Resources */,
				1978D3161CEACB5200E85DD4 /* 4.jpg in Resources */,
				1978D3131CEACB5200E85DD4 /* 1.jpg in Resources */,
				1978D3141CEACB5200E85DD4 /* 2.jpg in Resources */,
				1978D3151CEACB5200E85DD4 /* 3.jpg in Resources */,
				1978D2FB1CEAC6B500E85DD4 /* Assets.xcassets in Resources */,
				1978D2F91CEAC6B500E85DD4 /* Main.storyboard in Resources */,
			);
			runOnlyForDeploymentPostprocessing = 0;
		};
/* End PBXResourcesBuildPhase section */

/* Begin PBXShellScriptBuildPhase section */
		3500940C4A62714F2F4B3029 /* [CP] Copy Pods Resources */ = {
			isa = PBXShellScriptBuildPhase;
			buildActionMask = 2147483647;
			files = (
			);
			inputPaths = (
			);
			name = "[CP] Copy Pods Resources";
			outputPaths = (
			);
			runOnlyForDeploymentPostprocessing = 0;
			shellPath = /bin/sh;
			shellScript = "\"${SRCROOT}/Pods/Target Support Files/Pods-Demo/Pods-Demo-resources.sh\"\n";
			showEnvVarsInLog = 0;
		};
		CAE34FF182083F0EC7654D8E /* [CP] Check Pods Manifest.lock */ = {
			isa = PBXShellScriptBuildPhase;
			buildActionMask = 2147483647;
			files = (
			);
			inputPaths = (
			);
			name = "[CP] Check Pods Manifest.lock";
			outputPaths = (
			);
			runOnlyForDeploymentPostprocessing = 0;
			shellPath = /bin/sh;
			shellScript = "diff \"${PODS_ROOT}/../Podfile.lock\" \"${PODS_ROOT}/Manifest.lock\" > /dev/null\nif [ $? != 0 ] ; then\n    # print error to STDERR\n    echo \"error: The sandbox is not in sync with the Podfile.lock. Run \'pod install\' or update your CocoaPods installation.\" >&2\n    exit 1\nfi\n";
			showEnvVarsInLog = 0;
		};
		DBEE2AE1EC8BE177A687BD7D /* [CP] Embed Pods Frameworks */ = {
			isa = PBXShellScriptBuildPhase;
			buildActionMask = 2147483647;
			files = (
			);
			inputPaths = (
			);
			name = "[CP] Embed Pods Frameworks";
			outputPaths = (
			);
			runOnlyForDeploymentPostprocessing = 0;
			shellPath = /bin/sh;
			shellScript = "\"${SRCROOT}/Pods/Target Support Files/Pods-Demo/Pods-Demo-frameworks.sh\"\n";
			showEnvVarsInLog = 0;
		};
/* End PBXShellScriptBuildPhase section */

/* Begin PBXSourcesBuildPhase section */
		1978D2E71CEAC6B500E85DD4 /* Sources */ = {
			isa = PBXSourcesBuildPhase;
			buildActionMask = 2147483647;
			files = (
				1978D2F61CEAC6B500E85DD4 /* ViewController.m in Sources */,
				1978D30E1CEAC6EC00E85DD4 /* YAHMutiZoomView.m in Sources */,
				1978D2F31CEAC6B500E85DD4 /* AppDelegate.m in Sources */,
				1978D30D1CEAC6EC00E85DD4 /* YAHMutiZoomPhoto.m in Sources */,
				1978D30C1CEAC6EC00E85DD4 /* YAHMultiPhotoViewController.m in Sources */,
				1978D2F01CEAC6B500E85DD4 /* main.m in Sources */,
			);
			runOnlyForDeploymentPostprocessing = 0;
		};
/* End PBXSourcesBuildPhase section */

/* Begin PBXVariantGroup section */
		1978D2F71CEAC6B500E85DD4 /* Main.storyboard */ = {
			isa = PBXVariantGroup;
			children = (
				1978D2F81CEAC6B500E85DD4 /* Base */,
			);
			name = Main.storyboard;
			sourceTree = "<group>";
		};
		1978D2FC1CEAC6B500E85DD4 /* LaunchScreen.storyboard */ = {
			isa = PBXVariantGroup;
			children = (
				1978D2FD1CEAC6B500E85DD4 /* Base */,
			);
			name = LaunchScreen.storyboard;
			sourceTree = "<group>";
		};
/* End PBXVariantGroup section */

/* Begin XCBuildConfiguration section */
		1978D3001CEAC6B500E85DD4 /* Debug */ = {
			isa = XCBuildConfiguration;
			buildSettings = {
				ALWAYS_SEARCH_USER_PATHS = NO;
				CLANG_ANALYZER_NONNULL = YES;
				CLANG_CXX_LANGUAGE_STANDARD = "gnu++0x";
				CLANG_CXX_LIBRARY = "libc++";
				CLANG_ENABLE_MODULES = YES;
				CLANG_ENABLE_OBJC_ARC = YES;
				CLANG_WARN_BOOL_CONVERSION = YES;
				CLANG_WARN_CONSTANT_CONVERSION = YES;
				CLANG_WARN_DIRECT_OBJC_ISA_USAGE = YES_ERROR;
				CLANG_WARN_EMPTY_BODY = YES;
				CLANG_WARN_ENUM_CONVERSION = YES;
				CLANG_WARN_INT_CONVERSION = YES;
				CLANG_WARN_OBJC_ROOT_CLASS = YES_ERROR;
				CLANG_WARN_UNREACHABLE_CODE = YES;
				CLANG_WARN__DUPLICATE_METHOD_MATCH = YES;
				"CODE_SIGN_IDENTITY[sdk=iphoneos*]" = "iPhone Developer";
				COPY_PHASE_STRIP = NO;
				DEBUG_INFORMATION_FORMAT = dwarf;
				ENABLE_STRICT_OBJC_MSGSEND = YES;
				ENABLE_TESTABILITY = YES;
				GCC_C_LANGUAGE_STANDARD = gnu99;
				GCC_DYNAMIC_NO_PIC = NO;
				GCC_NO_COMMON_BLOCKS = YES;
				GCC_OPTIMIZATION_LEVEL = 0;
				GCC_PREPROCESSOR_DEFINITIONS = (
					"DEBUG=1",
					"$(inherited)",
				);
				GCC_WARN_64_TO_32_BIT_CONVERSION = YES;
				GCC_WARN_ABOUT_RETURN_TYPE = YES_ERROR;
				GCC_WARN_UNDECLARED_SELECTOR = YES;
				GCC_WARN_UNINITIALIZED_AUTOS = YES_AGGRESSIVE;
				GCC_WARN_UNUSED_FUNCTION = YES;
				GCC_WARN_UNUSED_VARIABLE = YES;
				IPHONEOS_DEPLOYMENT_TARGET = 9.3;
				MTL_ENABLE_DEBUG_INFO = YES;
				ONLY_ACTIVE_ARCH = YES;
				SDKROOT = iphoneos;
			};
			name = Debug;
		};
		1978D3011CEAC6B500E85DD4 /* Release */ = {
			isa = XCBuildConfiguration;
			buildSettings = {
				ALWAYS_SEARCH_USER_PATHS = NO;
				CLANG_ANALYZER_NONNULL = YES;
				CLANG_CXX_LANGUAGE_STANDARD = "gnu++0x";
				CLANG_CXX_LIBRARY = "libc++";
				CLANG_ENABLE_MODULES = YES;
				CLANG_ENABLE_OBJC_ARC = YES;
				CLANG_WARN_BOOL_CONVERSION = YES;
				CLANG_WARN_CONSTANT_CONVERSION = YES;
				CLANG_WARN_DIRECT_OBJC_ISA_USAGE = YES_ERROR;
				CLANG_WARN_EMPTY_BODY = YES;
				CLANG_WARN_ENUM_CONVERSION = YES;
				CLANG_WARN_INT_CONVERSION = YES;
				CLANG_WARN_OBJC_ROOT_CLASS = YES_ERROR;
				CLANG_WARN_UNREACHABLE_CODE = YES;
				CLANG_WARN__DUPLICATE_METHOD_MATCH = YES;
				"CODE_SIGN_IDENTITY[sdk=iphoneos*]" = "iPhone Developer";
				COPY_PHASE_STRIP = NO;
				DEBUG_INFORMATION_FORMAT = "dwarf-with-dsym";
				ENABLE_NS_ASSERTIONS = NO;
				ENABLE_STRICT_OBJC_MSGSEND = YES;
				GCC_C_LANGUAGE_STANDARD = gnu99;
				GCC_NO_COMMON_BLOCKS = YES;
				GCC_WARN_64_TO_32_BIT_CONVERSION = YES;
				GCC_WARN_ABOUT_RETURN_TYPE = YES_ERROR;
				GCC_WARN_UNDECLARED_SELECTOR = YES;
				GCC_WARN_UNINITIALIZED_AUTOS = YES_AGGRESSIVE;
				GCC_WARN_UNUSED_FUNCTION = YES;
				GCC_WARN_UNUSED_VARIABLE = YES;
				IPHONEOS_DEPLOYMENT_TARGET = 9.3;
				MTL_ENABLE_DEBUG_INFO = NO;
				SDKROOT = iphoneos;
				VALIDATE_PRODUCT = YES;
			};
			name = Release;
		};
		1978D3031CEAC6B500E85DD4 /* Debug */ = {
			isa = XCBuildConfiguration;
			baseConfigurationReference = B8E7EBDC893CA7BC05831E0E /* Pods-Demo.debug.xcconfig */;
			buildSettings = {
				ASSETCATALOG_COMPILER_APPICON_NAME = AppIcon;
				DEVELOPMENT_TEAM = 28T9NSVTY8;
				INFOPLIST_FILE = Demo/Info.plist;
				IPHONEOS_DEPLOYMENT_TARGET = 8.0;
				LD_RUNPATH_SEARCH_PATHS = "$(inherited) @executable_path/Frameworks";
				PRODUCT_BUNDLE_IDENTIFIER = yahua.Demo;
				PRODUCT_NAME = "$(TARGET_NAME)";
				PROVISIONING_PROFILE = "ec2cde14-4507-4951-b311-ce6dd634dafa";
				PROVISIONING_PROFILE_SPECIFIER = "iOS development";
			};
			name = Debug;
		};
		1978D3041CEAC6B500E85DD4 /* Release */ = {
			isa = XCBuildConfiguration;
			baseConfigurationReference = 388FC8881FC1D3C345D06A0E /* Pods-Demo.release.xcconfig */;
			buildSettings = {
				ASSETCATALOG_COMPILER_APPICON_NAME = AppIcon;
				DEVELOPMENT_TEAM = 28T9NSVTY8;
				INFOPLIST_FILE = Demo/Info.plist;
				IPHONEOS_DEPLOYMENT_TARGET = 8.0;
				LD_RUNPATH_SEARCH_PATHS = "$(inherited) @executable_path/Frameworks";
				PRODUCT_BUNDLE_IDENTIFIER = yahua.Demo;
				PRODUCT_NAME = "$(TARGET_NAME)";
				PROVISIONING_PROFILE = "ec2cde14-4507-4951-b311-ce6dd634dafa";
				PROVISIONING_PROFILE_SPECIFIER = "iOS development";
			};
			name = Release;
		};
/* End XCBuildConfiguration section */

/* Begin XCConfigurationList section */
		1978D2E61CEAC6B500E85DD4 /* Build configuration list for PBXProject "Demo" */ = {
			isa = XCConfigurationList;
			buildConfigurations = (
				1978D3001CEAC6B500E85DD4 /* Debug */,
				1978D3011CEAC6B500E85DD4 /* Release */,
			);
			defaultConfigurationIsVisible = 0;
			defaultConfigurationName = Release;
		};
		1978D3021CEAC6B500E85DD4 /* Build configuration list for PBXNativeTarget "Demo" */ = {
			isa = XCConfigurationList;
			buildConfigurations = (
				1978D3031CEAC6B500E85DD4 /* Debug */,
				1978D3041CEAC6B500E85DD4 /* Release */,
			);
			defaultConfigurationIsVisible = 0;
			defaultConfigurationName = Release;
		};
/* End XCConfigurationList section */
	};
	rootObject = 1978D2E31CEAC6B500E85DD4 /* Project object */;
}
